
Microsoft Visual Studio Solution File, Format Version 12.00
# Visual Studio Version 17
VisualStudioVersion = 17.13.35919.96
MinimumVisualStudioVersion = 10.0.40219.1
Project("{FAE04EC0-301F-11D3-BF4B-00C04F79EFBC}") = "GestorViajes", "GestorViajes.csproj", "{001C8B1D-F625-4D65-9056-E3A2CC93986D}"
EndProject
Global
	GlobalSection(SolutionConfigurationPlatforms) = preSolution
		Debug|Any CPU = Debug|Any CPU
		Release|Any CPU = Release|Any CPU
	EndGlobalSection
	GlobalSection(ProjectConfigurationPlatforms) = postSolution
		{001C8B1D-F625-4D65-9056-E3A2CC93986D}.Debug|Any CPU.ActiveCfg = Debug|Any CPU
		{001C8B1D-F625-4D65-9056-E3A2CC93986D}.Debug|Any CPU.Build.0 = Debug|Any CPU
		{001C8B1D-F625-4D65-9056-E3A2CC93986D}.Release|Any CPU.ActiveCfg = Release|Any CPU
		{001C8B1D-F625-4D65-9056-E3A2CC93986D}.Release|Any CPU.Build.0 = Release|Any CPU
	EndGlobalSection
	GlobalSection(SolutionProperties) = preSolution
		HideSolutionNode = FALSE
	EndGlobalSection
	GlobalSection(ExtensibilityGlobals) = postSolution
		SolutionGuid = {6A318CE6-7988-4263-B4E1-AD8E9F83CD6B}
	EndGlobalSection
EndGlobal
